
Microsoft Visual Studio Solution File, Format Version 12.00
# Visual Studio 14
VisualStudioVersion = 14.0.23107.0
MinimumVisualStudioVersion = 10.0.40219.1
Project("{FAE04EC0-301F-11D3-BF4B-00C04F79EFBC}") = "PersonalAssistant", "Source\PersonalAssistant\PersonalAssistant.csproj", "{D5995591-CC2B-43D9-8104-03242AF52452}"
EndProject
Project("{FAE04EC0-301F-11D3-BF4B-00C04F79EFBC}") = "Console", "Source\Console\Console.csproj", "{5AE2F75B-2BB2-4BC7-AB73-9167BB3BAFF5}"
EndProject
Project("{FAE04EC0-301F-11D3-BF4B-00C04F79EFBC}") = "Desktop", "Source\Desktop\Desktop.csproj", "{FFE0FAEF-A78C-4394-8F54-37CA22615F00}"
EndProject
Global
	GlobalSection(SolutionConfigurationPlatforms) = preSolution
		Debug|Any CPU = Debug|Any CPU
		Release|Any CPU = Release|Any CPU
	EndGlobalSection
	GlobalSection(ProjectConfigurationPlatforms) = postSolution
		{D5995591-CC2B-43D9-8104-03242AF52452}.Debug|Any CPU.ActiveCfg = Debug|Any CPU
		{D5995591-CC2B-43D9-8104-03242AF52452}.Debug|Any CPU.Build.0 = Debug|Any CPU
		{D5995591-CC2B-43D9-8104-03242AF52452}.Release|Any CPU.ActiveCfg = Release|Any CPU
		{D5995591-CC2B-43D9-8104-03242AF52452}.Release|Any CPU.Build.0 = Release|Any CPU
		{5AE2F75B-2BB2-4BC7-AB73-9167BB3BAFF5}.Debug|Any CPU.ActiveCfg = Debug|Any CPU
		{5AE2F75B-2BB2-4BC7-AB73-9167BB3BAFF5}.Debug|Any CPU.Build.0 = Debug|Any CPU
		{5AE2F75B-2BB2-4BC7-AB73-9167BB3BAFF5}.Release|Any CPU.ActiveCfg = Release|Any CPU
		{5AE2F75B-2BB2-4BC7-AB73-9167BB3BAFF5}.Release|Any CPU.Build.0 = Release|Any CPU
		{FFE0FAEF-A78C-4394-8F54-37CA22615F00}.Debug|Any CPU.ActiveCfg = Debug|Any CPU
		{FFE0FAEF-A78C-4394-8F54-37CA22615F00}.Debug|Any CPU.Build.0 = Debug|Any CPU
		{FFE0FAEF-A78C-4394-8F54-37CA22615F00}.Release|Any CPU.ActiveCfg = Release|Any CPU
		{FFE0FAEF-A78C-4394-8F54-37CA22615F00}.Release|Any CPU.Build.0 = Release|Any CPU
	EndGlobalSection
	GlobalSection(SolutionProperties) = preSolution
		HideSolutionNode = FALSE
	EndGlobalSection
EndGlobal
